
Microsoft Visual Studio Solution File, Format Version 12.00
# Visual Studio 15
VisualStudioVersion = 15.0.27130.2026
MinimumVisualStudioVersion = 10.0.40219.1
Project("{FAE04EC0-301F-11D3-BF4B-00C04F79EFBC}") = "GameSim", "GameSim\GameSim.csproj", "{8E1CDA22-77A9-48C4-97AB-7C3E380AB278}"
EndProject
Global
	GlobalSection(SolutionConfigurationPlatforms) = preSolution
		Debug|Any CPU = Debug|Any CPU
		Release|Any CPU = Release|Any CPU
	EndGlobalSection
	GlobalSection(ProjectConfigurationPlatforms) = postSolution
		{8E1CDA22-77A9-48C4-97AB-7C3E380AB278}.Debug|Any CPU.ActiveCfg = Debug|Any CPU
		{8E1CDA22-77A9-48C4-97AB-7C3E380AB278}.Debug|Any CPU.Build.0 = Debug|Any CPU
		{8E1CDA22-77A9-48C4-97AB-7C3E380AB278}.Release|Any CPU.ActiveCfg = Release|Any CPU
		{8E1CDA22-77A9-48C4-97AB-7C3E380AB278}.Release|Any CPU.Build.0 = Release|Any CPU
	EndGlobalSection
	GlobalSection(SolutionProperties) = preSolution
		HideSolutionNode = FALSE
	EndGlobalSection
	GlobalSection(ExtensibilityGlobals) = postSolution
		SolutionGuid = {DF542A4C-6713-447D-A9DA-926F1F852B2C}
	EndGlobalSection
EndGlobal
